
Microsoft Visual Studio Solution File, Format Version 12.00
# Visual Studio Version 16
VisualStudioVersion = 16.0.31729.503
MinimumVisualStudioVersion = 10.0.40219.1
Project("{FAE04EC0-301F-11D3-BF4B-00C04F79EFBC}") = "FTPFinal", "FTPFinal.csproj", "{DE63FA5F-811C-43EC-9FDA-4CAF20731001}"
EndProject
Global
	GlobalSection(SolutionConfigurationPlatforms) = preSolution
		Debug|Any CPU = Debug|Any CPU
		Release|Any CPU = Release|Any CPU
	EndGlobalSection
	GlobalSection(ProjectConfigurationPlatforms) = postSolution
		{DE63FA5F-811C-43EC-9FDA-4CAF20731001}.Debug|Any CPU.ActiveCfg = Debug|Any CPU
		{DE63FA5F-811C-43EC-9FDA-4CAF20731001}.Debug|Any CPU.Build.0 = Debug|Any CPU
		{DE63FA5F-811C-43EC-9FDA-4CAF20731001}.Release|Any CPU.ActiveCfg = Release|Any CPU
		{DE63FA5F-811C-43EC-9FDA-4CAF20731001}.Release|Any CPU.Build.0 = Release|Any CPU
	EndGlobalSection
	GlobalSection(SolutionProperties) = preSolution
		HideSolutionNode = FALSE
	EndGlobalSection
	GlobalSection(ExtensibilityGlobals) = postSolution
		SolutionGuid = {5BDC0B34-21D4-4361-B8B0-493833AFCA67}
	EndGlobalSection
EndGlobal
